PODS:
  - ProcedureKit (4.0.0.beta.5):
    - ProcedureKit/Standard (= 4.0.0.beta.5)
  - ProcedureKit/All (4.0.0.beta.5):
    - ProcedureKit/Cloud
    - ProcedureKit/Location
    - ProcedureKit/Network
  - ProcedureKit/Cloud (4.0.0.beta.5):
    - ProcedureKit/Standard
  - ProcedureKit/Location (4.0.0.beta.5):
    - ProcedureKit/Standard
  - ProcedureKit/Network (4.0.0.beta.5):
    - ProcedureKit/Standard
  - ProcedureKit/Standard (4.0.0.beta.5)
  - TestingProcedureKit (4.0.0.beta.5):
    - TestingProcedureKit/Testing (= 4.0.0.beta.5)
  - TestingProcedureKit/Testing (4.0.0.beta.5):
    - ProcedureKit

DEPENDENCIES:
  - ProcedureKit/All (from `submodules/ProcedureKit`)
  - TestingProcedureKit (from `submodules/ProcedureKit`)

EXTERNAL SOURCES:
  ProcedureKit:
    :path: submodules/ProcedureKit
  TestingProcedureKit:
    :path: submodules/ProcedureKit

SPEC CHECKSUMS:
  ProcedureKit: 2be31143063e96aabf728e3460568816e93984ff
  TestingProcedureKit: 9d3b38f34a17ff41103a07c01b74e8a00288689e

PODFILE CHECKSUM: 2a342b5104960648f7670de20b5402e4c8c42a3d

COCOAPODS: 1.1.1
