PODS:
  - ProcedureKit (4.5.0):
    - ProcedureKit/Standard (= 4.5.0)
  - ProcedureKit/All (4.5.0):
    - ProcedureKit/Cloud
    - ProcedureKit/CoreData
    - ProcedureKit/Location
    - ProcedureKit/Network
  - ProcedureKit/Cloud (4.5.0):
    - ProcedureKit/Standard
  - ProcedureKit/CoreData (4.5.0):
    - ProcedureKit/Standard
  - ProcedureKit/Location (4.5.0):
    - ProcedureKit/Standard
  - ProcedureKit/Mobile (4.5.0):
    - ProcedureKit/Standard
  - ProcedureKit/Network (4.5.0):
    - ProcedureKit/Standard
  - ProcedureKit/Standard (4.5.0)
  - TestingProcedureKit (4.5.0):
    - TestingProcedureKit/Testing (= 4.5.0)
  - TestingProcedureKit/Testing (4.5.0):
    - ProcedureKit

DEPENDENCIES:
  - ProcedureKit/All (from `submodules/ProcedureKit`)
  - ProcedureKit/Mobile (from `submodules/ProcedureKit`)
  - TestingProcedureKit (from `submodules/ProcedureKit`)

EXTERNAL SOURCES:
  ProcedureKit:
    :path: submodules/ProcedureKit
  TestingProcedureKit:
    :path: submodules/ProcedureKit

SPEC CHECKSUMS:
  ProcedureKit: 63b29824a3af7ce51a155c234d20309fe33f5e17
  TestingProcedureKit: 8b4a0b89edb7e62d5da1d5a2673809873e387753

PODFILE CHECKSUM: 303b66d9803f2d5a486ea3b44c85c6b9f5104dec

COCOAPODS: 1.5.3
