PODS:
  - ProcedureKit (4.0.0):
    - ProcedureKit/Standard (= 4.0.0)
  - ProcedureKit/All (4.0.0):
    - ProcedureKit/Cloud
    - ProcedureKit/Location
    - ProcedureKit/Network
  - ProcedureKit/Cloud (4.0.0):
    - ProcedureKit/Standard
  - ProcedureKit/Location (4.0.0):
    - ProcedureKit/Standard
  - ProcedureKit/Mobile (4.0.0):
    - ProcedureKit/Standard
  - ProcedureKit/Network (4.0.0):
    - ProcedureKit/Standard
  - ProcedureKit/Standard (4.0.0)
  - TestingProcedureKit (4.0.0):
    - TestingProcedureKit/Testing (= 4.0.0)
  - TestingProcedureKit/Testing (4.0.0):
    - ProcedureKit

DEPENDENCIES:
  - ProcedureKit/All (from `submodules/ProcedureKit`)
  - ProcedureKit/Mobile (from `submodules/ProcedureKit`)
  - TestingProcedureKit (from `submodules/ProcedureKit`)

EXTERNAL SOURCES:
  ProcedureKit:
    :path: submodules/ProcedureKit
  TestingProcedureKit:
    :path: submodules/ProcedureKit

SPEC CHECKSUMS:
  ProcedureKit: 2af9335a002b5f2a2db61d9cfba0ab4bcac640cf
  TestingProcedureKit: c895260046d02b324c1dfc8ecf83160fefc76360

PODFILE CHECKSUM: 79e68db8c6b522cd939bdae1f30aef14defb8005

COCOAPODS: 1.1.1
